// !$*UTF8*$!
{
	archiveVersion = 1;
	classes = {
	};
	objectVersion = 50;
	objects = {

/* Begin PBXBuildFile section */
		180ACFDF2643C77E00319B95 /* readme-1.md in Resources */ = {isa = PBXBuildFile; fileRef = 180ACFDE2643C77E00319B95 /* readme-1.md */; };
		185DFAA02636979A0051E8A5 /* AppDelegate.m in Sources */ = {isa = PBXBuildFile; fileRef = 185DFA9F2636979A0051E8A5 /* AppDelegate.m */; };
		185DFAA62636979A0051E8A5 /* ViewController.m in Sources */ = {isa = PBXBuildFile; fileRef = 185DFAA52636979A0051E8A5 /* ViewController.m */; };
		185DFAA92636979A0051E8A5 /* Main.storyboard in Resources */ = {isa = PBXBuildFile; fileRef = 185DFAA72636979A0051E8A5 /* Main.storyboard */; };
		185DFAAB2636979B0051E8A5 /* Assets.xcassets in Resources */ = {isa = PBXBuildFile; fileRef = 185DFAAA2636979B0051E8A5 /* Assets.xcassets */; };
		185DFAAE2636979B0051E8A5 /* LaunchScreen.storyboard in Resources */ = {isa = PBXBuildFile; fileRef = 185DFAAC2636979B0051E8A5 /* LaunchScreen.storyboard */; };
		185DFAB12636979B0051E8A5 /* main.m in Sources */ = {isa = PBXBuildFile; fileRef = 185DFAB02636979B0051E8A5 /* main.m */; };
		185DFB1F263904730051E8A5 /* oc.md in Resources */ = {isa = PBXBuildFile; fileRef = 185DFB1E263904730051E8A5 /* oc.md */; };
		1879692F2669ECCA00473C30 /* back.png in Resources */ = {isa = PBXBuildFile; fileRef = 1879692E2669ECCA00473C30 /* back.png */; };
		187969332669ED0500473C30 /* ViewControllerDemo2.m in Sources */ = {isa = PBXBuildFile; fileRef = 187969322669ED0500473C30 /* ViewControllerDemo2.m */; };
		1879693B2669F02300473C30 /* add.png in Resources */ = {isa = PBXBuildFile; fileRef = 1879693A2669F02300473C30 /* add.png */; };
		187969402669F36000473C30 /* KeyboardViewController.m in Sources */ = {isa = PBXBuildFile; fileRef = 1879693E2669F36000473C30 /* KeyboardViewController.m */; };
		187969412669F36000473C30 /* KeyboardViewController.xib in Resources */ = {isa = PBXBuildFile; fileRef = 1879693F2669F36000473C30 /* KeyboardViewController.xib */; };
		18F6F4DB2653E196006F56F4 /* CPP_Demo.mm in Sources */ = {isa = PBXBuildFile; fileRef = 18F6F4DA2653E196006F56F4 /* CPP_Demo.mm */; };
		18F6F4F62657A886006F56F4 /* xcode.md in Resources */ = {isa = PBXBuildFile; fileRef = 18F6F4F52657A886006F56F4 /* xcode.md */; };
		18F6F5062657D35D006F56F4 /* ViewControllerDemo1.m in Sources */ = {isa = PBXBuildFile; fileRef = 18F6F5042657D35D006F56F4 /* ViewControllerDemo1.m */; };
		18F6F5072657D35D006F56F4 /* ViewControllerDemo1.xib in Resources */ = {isa = PBXBuildFile; fileRef = 18F6F5052657D35D006F56F4 /* ViewControllerDemo1.xib */; };
		18F6F51B2664DD1F006F56F4 /* HtmlViewController.m in Sources */ = {isa = PBXBuildFile; fileRef = 18F6F5192664DD1F006F56F4 /* HtmlViewController.m */; };
		18F6F51C2664DD1F006F56F4 /* HtmlViewController.xib in Resources */ = {isa = PBXBuildFile; fileRef = 18F6F51A2664DD1F006F56F4 /* HtmlViewController.xib */; };
		18F6F5202664DF38006F56F4 /* html1.html in Resources */ = {isa = PBXBuildFile; fileRef = 18F6F51F2664DF38006F56F4 /* html1.html */; };
		18F6F54D26676EE3006F56F4 /* 6.jpg in Resources */ = {isa = PBXBuildFile; fileRef = 18F6F54C26676EE3006F56F4 /* 6.jpg */; };
		18F6F550266771E6006F56F4 /* test.txt in Resources */ = {isa = PBXBuildFile; fileRef = 18F6F54F266771E6006F56F4 /* test.txt */; };
		18F6F55D26677C0E006F56F4 /* Person.m in Sources */ = {isa = PBXBuildFile; fileRef = 18F6F55C26677C0E006F56F4 /* Person.m */; };
		18F6F56226677C97006F56F4 /* Person+Student.m in Sources */ = {isa = PBXBuildFile; fileRef = 18F6F56126677C97006F56F4 /* Person+Student.m */; };
		18F6F5672667801E006F56F4 /* Test_Protocol_Impl.m in Sources */ = {isa = PBXBuildFile; fileRef = 18F6F5662667801E006F56F4 /* Test_Protocol_Impl.m */; };
		18F6F56B26678C2F006F56F4 /* CopyDemo.m in Sources */ = {isa = PBXBuildFile; fileRef = 18F6F56A26678C2F006F56F4 /* CopyDemo.m */; };
		18F6F5992668A3B7006F56F4 /* ios.md in Resources */ = {isa = PBXBuildFile; fileRef = 18F6F5982668A3B7006F56F4 /* ios.md */; };
		18F6F59D2668DA39006F56F4 /* SingleTonDemo.m in Sources */ = {isa = PBXBuildFile; fileRef = 18F6F59C2668DA39006F56F4 /* SingleTonDemo.m */; };
		18F6F5A12669E8A5006F56F4 /* BaseNavigationController.m in Sources */ = {isa = PBXBuildFile; fileRef = 18F6F5A02669E8A5006F56F4 /* BaseNavigationController.m */; };
		18F6F5A52669E914006F56F4 /* BaseViewController.m in Sources */ = {isa = PBXBuildFile; fileRef = 18F6F5A42669E914006F56F4 /* BaseViewController.m */; };
/* End PBXBuildFile section */

/* Begin PBXFileReference section */
		180ACFDE2643C77E00319B95 /* readme-1.md */ = {isa = PBXFileReference; lastKnownFileType = net.daringfireball.markdown; path = "readme-1.md"; sourceTree = "<group>"; };
		185DFA9B2636979A0051E8A5 /* ios-app-demo2.app */ = {isa = PBXFileReference; explicitFileType = wrapper.application; includeInIndex = 0; path = "ios-app-demo2.app"; sourceTree = BUILT_PRODUCTS_DIR; };
		185DFA9E2636979A0051E8A5 /* AppDelegate.h */ = {isa = PBXFileReference; lastKnownFileType = sourcecode.c.h; path = AppDelegate.h; sourceTree = "<group>"; };
		185DFA9F2636979A0051E8A5 /* AppDelegate.m */ = {isa = PBXFileReference; lastKnownFileType = sourcecode.c.objc; path = AppDelegate.m; sourceTree = "<group>"; };
		185DFAA42636979A0051E8A5 /* ViewController.h */ = {isa = PBXFileReference; lastKnownFileType = sourcecode.c.h; path = ViewController.h; sourceTree = "<group>"; };
		185DFAA52636979A0051E8A5 /* ViewController.m */ = {isa = PBXFileReference; lastKnownFileType = sourcecode.c.objc; path = ViewController.m; sourceTree = "<group>"; };
		185DFAA82636979A0051E8A5 /* Base */ = {isa = PBXFileReference; lastKnownFileType = file.storyboard; name = Base; path = Base.lproj/Main.storyboard; sourceTree = "<group>"; };
		185DFAAA2636979B0051E8A5 /* Assets.xcassets */ = {isa = PBXFileReference; lastKnownFileType = folder.assetcatalog; path = Assets.xcassets; sourceTree = "<group>"; };
		185DFAAD2636979B0051E8A5 /* Base */ = {isa = PBXFileReference; lastKnownFileType = file.storyboard; name = Base; path = Base.lproj/LaunchScreen.storyboard; sourceTree = "<group>"; };
		185DFAAF2636979B0051E8A5 /* Info.plist */ = {isa = PBXFileReference; lastKnownFileType = text.plist.xml; path = Info.plist; sourceTree = "<group>"; };
		185DFAB02636979B0051E8A5 /* main.m */ = {isa = PBXFileReference; lastKnownFileType = sourcecode.c.objc; path = main.m; sourceTree = "<group>"; };
		185DFB1E263904730051E8A5 /* oc.md */ = {isa = PBXFileReference; lastKnownFileType = net.daringfireball.markdown; path = oc.md; sourceTree = "<group>"; };
		1879692E2669ECCA00473C30 /* back.png */ = {isa = PBXFileReference; lastKnownFileType = image.png; path = back.png; sourceTree = "<group>"; };
		187969312669ED0500473C30 /* ViewControllerDemo2.h */ = {isa = PBXFileReference; lastKnownFileType = sourcecode.c.h; path = ViewControllerDemo2.h; sourceTree = "<group>"; };
		187969322669ED0500473C30 /* ViewControllerDemo2.m */ = {isa = PBXFileReference; lastKnownFileType = sourcecode.c.objc; path = ViewControllerDemo2.m; sourceTree = "<group>"; };
		1879693A2669F02300473C30 /* add.png */ = {isa = PBXFileReference; lastKnownFileType = image.png; path = add.png; sourceTree = "<group>"; };
		1879693D2669F36000473C30 /* KeyboardViewController.h */ = {isa = PBXFileReference; lastKnownFileType = sourcecode.c.h; path = KeyboardViewController.h; sourceTree = "<group>"; };
		1879693E2669F36000473C30 /* KeyboardViewController.m */ = {isa = PBXFileReference; lastKnownFileType = sourcecode.c.objc; path = KeyboardViewController.m; sourceTree = "<group>"; };
		1879693F2669F36000473C30 /* KeyboardViewController.xib */ = {isa = PBXFileReference; lastKnownFileType = file.xib; path = KeyboardViewController.xib; sourceTree = "<group>"; };
		18F6F4D92653E196006F56F4 /* CPP_Demo.h */ = {isa = PBXFileReference; lastKnownFileType = sourcecode.c.h; path = CPP_Demo.h; sourceTree = "<group>"; };
		18F6F4DA2653E196006F56F4 /* CPP_Demo.mm */ = {isa = PBXFileReference; lastKnownFileType = sourcecode.cpp.objcpp; path = CPP_Demo.mm; sourceTree = "<group>"; };
		18F6F4F52657A886006F56F4 /* xcode.md */ = {isa = PBXFileReference; lastKnownFileType = net.daringfireball.markdown; path = xcode.md; sourceTree = "<group>"; };
		18F6F5032657D35D006F56F4 /* ViewControllerDemo1.h */ = {isa = PBXFileReference; lastKnownFileType = sourcecode.c.h; path = ViewControllerDemo1.h; sourceTree = "<group>"; };
		18F6F5042657D35D006F56F4 /* ViewControllerDemo1.m */ = {isa = PBXFileReference; lastKnownFileType = sourcecode.c.objc; path = ViewControllerDemo1.m; sourceTree = "<group>"; };
		18F6F5052657D35D006F56F4 /* ViewControllerDemo1.xib */ = {isa = PBXFileReference; lastKnownFileType = file.xib; path = ViewControllerDemo1.xib; sourceTree = "<group>"; };
		18F6F5182664DD1F006F56F4 /* HtmlViewController.h */ = {isa = PBXFileReference; lastKnownFileType = sourcecode.c.h; path = HtmlViewController.h; sourceTree = "<group>"; };
		18F6F5192664DD1F006F56F4 /* HtmlViewController.m */ = {isa = PBXFileReference; lastKnownFileType = sourcecode.c.objc; path = HtmlViewController.m; sourceTree = "<group>"; };
		18F6F51A2664DD1F006F56F4 /* HtmlViewController.xib */ = {isa = PBXFileReference; lastKnownFileType = file.xib; path = HtmlViewController.xib; sourceTree = "<group>"; };
		18F6F51F2664DF38006F56F4 /* html1.html */ = {isa = PBXFileReference; fileEncoding = 4; lastKnownFileType = text.html; path = html1.html; sourceTree = "<group>"; };
		18F6F54C26676EE3006F56F4 /* 6.jpg */ = {isa = PBXFileReference; lastKnownFileType = image.jpeg; path = 6.jpg; sourceTree = "<group>"; };
		18F6F54F266771E6006F56F4 /* test.txt */ = {isa = PBXFileReference; fileEncoding = 4; lastKnownFileType = text; path = test.txt; sourceTree = "<group>"; };
		18F6F55B26677C0E006F56F4 /* Person.h */ = {isa = PBXFileReference; lastKnownFileType = sourcecode.c.h; path = Person.h; sourceTree = "<group>"; };
		18F6F55C26677C0E006F56F4 /* Person.m */ = {isa = PBXFileReference; lastKnownFileType = sourcecode.c.objc; path = Person.m; sourceTree = "<group>"; };
		18F6F56026677C97006F56F4 /* Person+Student.h */ = {isa = PBXFileReference; lastKnownFileType = sourcecode.c.h; path = "Person+Student.h"; sourceTree = "<group>"; };
		18F6F56126677C97006F56F4 /* Person+Student.m */ = {isa = PBXFileReference; lastKnownFileType = sourcecode.c.objc; path = "Person+Student.m"; sourceTree = "<group>"; };
		18F6F56426677F49006F56F4 /* Test_Protocol.h */ = {isa = PBXFileReference; lastKnownFileType = sourcecode.c.h; path = Test_Protocol.h; sourceTree = "<group>"; };
		18F6F5652667801E006F56F4 /* Test_Protocol_Impl.h */ = {isa = PBXFileReference; lastKnownFileType = sourcecode.c.h; path = Test_Protocol_Impl.h; sourceTree = "<group>"; };
		18F6F5662667801E006F56F4 /* Test_Protocol_Impl.m */ = {isa = PBXFileReference; lastKnownFileType = sourcecode.c.objc; path = Test_Protocol_Impl.m; sourceTree = "<group>"; };
		18F6F56926678C2F006F56F4 /* CopyDemo.h */ = {isa = PBXFileReference; lastKnownFileType = sourcecode.c.h; path = CopyDemo.h; sourceTree = "<group>"; };
		18F6F56A26678C2F006F56F4 /* CopyDemo.m */ = {isa = PBXFileReference; lastKnownFileType = sourcecode.c.objc; path = CopyDemo.m; sourceTree = "<group>"; };
		18F6F56E26686D21006F56F4 /* Log.h */ = {isa = PBXFileReference; lastKnownFileType = sourcecode.c.h; path = Log.h; sourceTree = "<group>"; };
		18F6F5982668A3B7006F56F4 /* ios.md */ = {isa = PBXFileReference; lastKnownFileType = net.daringfireball.markdown; path = ios.md; sourceTree = "<group>"; };
		18F6F59B2668DA39006F56F4 /* SingleTonDemo.h */ = {isa = PBXFileReference; lastKnownFileType = sourcecode.c.h; path = SingleTonDemo.h; sourceTree = "<group>"; };
		18F6F59C2668DA39006F56F4 /* SingleTonDemo.m */ = {isa = PBXFileReference; lastKnownFileType = sourcecode.c.objc; path = SingleTonDemo.m; sourceTree = "<group>"; };
		18F6F59F2669E8A5006F56F4 /* BaseNavigationController.h */ = {isa = PBXFileReference; lastKnownFileType = sourcecode.c.h; path = BaseNavigationController.h; sourceTree = "<group>"; };
		18F6F5A02669E8A5006F56F4 /* BaseNavigationController.m */ = {isa = PBXFileReference; lastKnownFileType = sourcecode.c.objc; path = BaseNavigationController.m; sourceTree = "<group>"; };
		18F6F5A32669E914006F56F4 /* BaseViewController.h */ = {isa = PBXFileReference; lastKnownFileType = sourcecode.c.h; path = BaseViewController.h; sourceTree = "<group>"; };
		18F6F5A42669E914006F56F4 /* BaseViewController.m */ = {isa = PBXFileReference; lastKnownFileType = sourcecode.c.objc; path = BaseViewController.m; sourceTree = "<group>"; };
/* End PBXFileReference section */

/* Begin PBXFrameworksBuildPhase section */
		185DFA982636979A0051E8A5 /* Frameworks */ = {
			isa = PBXFrameworksBuildPhase;
			buildActionMask = 2147483647;
			files = (
			);
			runOnlyForDeploymentPostprocessing = 0;
		};
/* End PBXFrameworksBuildPhase section */

/* Begin PBXGroup section */
		185DFA922636979A0051E8A5 = {
			isa = PBXGroup;
			children = (
				185DFB1D263904510051E8A5 /* doc */,
				185DFA9D2636979A0051E8A5 /* ios-app-demo2 */,
				185DFA9C2636979A0051E8A5 /* Products */,
			);
			sourceTree = "<group>";
		};
		185DFA9C2636979A0051E8A5 /* Products */ = {
			isa = PBXGroup;
			children = (
				185DFA9B2636979A0051E8A5 /* ios-app-demo2.app */,
			);
			name = Products;
			sourceTree = "<group>";
		};
		185DFA9D2636979A0051E8A5 /* ios-app-demo2 */ = {
			isa = PBXGroup;
			children = (
				18F6F5A72669EC59006F56F4 /* imgs */,
				18F6F56D26686CFD006F56F4 /* util */,
				18F6F54B26676EB4006F56F4 /* test_files */,
				18F6F51E2664DEAE006F56F4 /* html */,
				18F6F4D82653E16C006F56F4 /* demo1 */,
				185DFB1C263904420051E8A5 /* vc1 */,
				185DFA9E2636979A0051E8A5 /* AppDelegate.h */,
				185DFA9F2636979A0051E8A5 /* AppDelegate.m */,
				185DFAA72636979A0051E8A5 /* Main.storyboard */,
				185DFAAA2636979B0051E8A5 /* Assets.xcassets */,
				185DFAAC2636979B0051E8A5 /* LaunchScreen.storyboard */,
				185DFAAF2636979B0051E8A5 /* Info.plist */,
				185DFAB02636979B0051E8A5 /* main.m */,
			);
			path = "ios-app-demo2";
			sourceTree = "<group>";
		};
		185DFB1C263904420051E8A5 /* vc1 */ = {
			isa = PBXGroup;
			children = (
				18F6F59F2669E8A5006F56F4 /* BaseNavigationController.h */,
				18F6F5A02669E8A5006F56F4 /* BaseNavigationController.m */,
				18F6F5A32669E914006F56F4 /* BaseViewController.h */,
				18F6F5A42669E914006F56F4 /* BaseViewController.m */,
				185DFAA42636979A0051E8A5 /* ViewController.h */,
				185DFAA52636979A0051E8A5 /* ViewController.m */,
				18F6F5032657D35D006F56F4 /* ViewControllerDemo1.h */,
				18F6F5042657D35D006F56F4 /* ViewControllerDemo1.m */,
				18F6F5052657D35D006F56F4 /* ViewControllerDemo1.xib */,
				18F6F5182664DD1F006F56F4 /* HtmlViewController.h */,
				18F6F5192664DD1F006F56F4 /* HtmlViewController.m */,
				18F6F51A2664DD1F006F56F4 /* HtmlViewController.xib */,
				187969312669ED0500473C30 /* ViewControllerDemo2.h */,
				187969322669ED0500473C30 /* ViewControllerDemo2.m */,
				1879693D2669F36000473C30 /* KeyboardViewController.h */,
				1879693E2669F36000473C30 /* KeyboardViewController.m */,
				1879693F2669F36000473C30 /* KeyboardViewController.xib */,
			);
			path = vc1;
			sourceTree = "<group>";
		};
		185DFB1D263904510051E8A5 /* doc */ = {
			isa = PBXGroup;
			children = (
				185DFB1E263904730051E8A5 /* oc.md */,
				180ACFDE2643C77E00319B95 /* readme-1.md */,
				18F6F4F52657A886006F56F4 /* xcode.md */,
				18F6F5982668A3B7006F56F4 /* ios.md */,
			);
			path = doc;
			sourceTree = "<group>";
		};
		18F6F4D82653E16C006F56F4 /* demo1 */ = {
			isa = PBXGroup;
			children = (
				18F6F4D92653E196006F56F4 /* CPP_Demo.h */,
				18F6F4DA2653E196006F56F4 /* CPP_Demo.mm */,
				18F6F55B26677C0E006F56F4 /* Person.h */,
				18F6F55C26677C0E006F56F4 /* Person.m */,
				18F6F56026677C97006F56F4 /* Person+Student.h */,
				18F6F56126677C97006F56F4 /* Person+Student.m */,
				18F6F56426677F49006F56F4 /* Test_Protocol.h */,
				18F6F5652667801E006F56F4 /* Test_Protocol_Impl.h */,
				18F6F5662667801E006F56F4 /* Test_Protocol_Impl.m */,
				18F6F56926678C2F006F56F4 /* CopyDemo.h */,
				18F6F56A26678C2F006F56F4 /* CopyDemo.m */,
				18F6F59B2668DA39006F56F4 /* SingleTonDemo.h */,
				18F6F59C2668DA39006F56F4 /* SingleTonDemo.m */,
			);
			path = demo1;
			sourceTree = "<group>";
		};
		18F6F51E2664DEAE006F56F4 /* html */ = {
			isa = PBXGroup;
			children = (
				18F6F51F2664DF38006F56F4 /* html1.html */,
			);
			path = html;
			sourceTree = "<group>";
		};
		18F6F54B26676EB4006F56F4 /* test_files */ = {
			isa = PBXGroup;
			children = (
				18F6F54F266771E6006F56F4 /* test.txt */,
				18F6F54C26676EE3006F56F4 /* 6.jpg */,
			);
			path = test_files;
			sourceTree = "<group>";
		};
		18F6F56D26686CFD006F56F4 /* util */ = {
			isa = PBXGroup;
			children = (
				18F6F56E26686D21006F56F4 /* Log.h */,
			);
			path = util;
			sourceTree = "<group>";
		};
		18F6F5A72669EC59006F56F4 /* imgs */ = {
			isa = PBXGroup;
			children = (
				1879693A2669F02300473C30 /* add.png */,
				1879692E2669ECCA00473C30 /* back.png */,
			);
			path = imgs;
			sourceTree = "<group>";
		};
/* End PBXGroup section */

/* Begin PBXNativeTarget section */
		185DFA9A2636979A0051E8A5 /* ios-app-demo2 */ = {
			isa = PBXNativeTarget;
			buildConfigurationList = 185DFAB42636979B0051E8A5 /* Build configuration list for PBXNativeTarget "ios-app-demo2" */;
			buildPhases = (
				185DFA972636979A0051E8A5 /* Sources */,
				185DFA982636979A0051E8A5 /* Frameworks */,
				185DFA992636979A0051E8A5 /* Resources */,
			);
			buildRules = (
			);
			dependencies = (
			);
			name = "ios-app-demo2";
			productName = "ios-app-demo2";
			productReference = 185DFA9B2636979A0051E8A5 /* ios-app-demo2.app */;
			productType = "com.apple.product-type.application";
		};
/* End PBXNativeTarget section */

/* Begin PBXProject section */
		185DFA932636979A0051E8A5 /* Project object */ = {
			isa = PBXProject;
			attributes = {
				LastUpgradeCheck = 1240;
				TargetAttributes = {
					185DFA9A2636979A0051E8A5 = {
						CreatedOnToolsVersion = 12.4;
					};
				};
			};
			buildConfigurationList = 185DFA962636979A0051E8A5 /* Build configuration list for PBXProject "ios-app-demo2" */;
			compatibilityVersion = "Xcode 9.3";
			developmentRegion = en;
			hasScannedForEncodings = 0;
			knownRegions = (
				en,
				Base,
			);
			mainGroup = 185DFA922636979A0051E8A5;
			productRefGroup = 185DFA9C2636979A0051E8A5 /* Products */;
			projectDirPath = "";
			projectRoot = "";
			targets = (
				185DFA9A2636979A0051E8A5 /* ios-app-demo2 */,
			);
		};
/* End PBXProject section */

/* Begin PBXResourcesBuildPhase section */
		185DFA992636979A0051E8A5 /* Resources */ = {
			isa = PBXResourcesBuildPhase;
			buildActionMask = 2147483647;
			files = (
				18F6F5992668A3B7006F56F4 /* ios.md in Resources */,
				185DFAAE2636979B0051E8A5 /* LaunchScreen.storyboard in Resources */,
				185DFAAB2636979B0051E8A5 /* Assets.xcassets in Resources */,
				18F6F4F62657A886006F56F4 /* xcode.md in Resources */,
				187969412669F36000473C30 /* KeyboardViewController.xib in Resources */,
				18F6F51C2664DD1F006F56F4 /* HtmlViewController.xib in Resources */,
				18F6F54D26676EE3006F56F4 /* 6.jpg in Resources */,
				1879692F2669ECCA00473C30 /* back.png in Resources */,
				1879693B2669F02300473C30 /* add.png in Resources */,
				18F6F550266771E6006F56F4 /* test.txt in Resources */,
				185DFB1F263904730051E8A5 /* oc.md in Resources */,
				185DFAA92636979A0051E8A5 /* Main.storyboard in Resources */,
				18F6F5202664DF38006F56F4 /* html1.html in Resources */,
				18F6F5072657D35D006F56F4 /* ViewControllerDemo1.xib in Resources */,
				180ACFDF2643C77E00319B95 /* readme-1.md in Resources */,
			);
			runOnlyForDeploymentPostprocessing = 0;
		};
/* End PBXResourcesBuildPhase section */

/* Begin PBXSourcesBuildPhase section */
		185DFA972636979A0051E8A5 /* Sources */ = {
			isa = PBXSourcesBuildPhase;
			buildActionMask = 2147483647;
			files = (
				185DFAA62636979A0051E8A5 /* ViewController.m in Sources */,
				185DFAA02636979A0051E8A5 /* AppDelegate.m in Sources */,
				18F6F4DB2653E196006F56F4 /* CPP_Demo.mm in Sources */,
				185DFAB12636979B0051E8A5 /* main.m in Sources */,
				18F6F55D26677C0E006F56F4 /* Person.m in Sources */,
				187969402669F36000473C30 /* KeyboardViewController.m in Sources */,
				18F6F5062657D35D006F56F4 /* ViewControllerDemo1.m in Sources */,
				18F6F56226677C97006F56F4 /* Person+Student.m in Sources */,
				18F6F59D2668DA39006F56F4 /* SingleTonDemo.m in Sources */,
				187969332669ED0500473C30 /* ViewControllerDemo2.m in Sources */,
				18F6F5A12669E8A5006F56F4 /* BaseNavigationController.m in Sources */,
				18F6F5A52669E914006F56F4 /* BaseViewController.m in Sources */,
				18F6F51B2664DD1F006F56F4 /* HtmlViewController.m in Sources */,
				18F6F56B26678C2F006F56F4 /* CopyDemo.m in Sources */,
				18F6F5672667801E006F56F4 /* Test_Protocol_Impl.m in Sources */,
			);
			runOnlyForDeploymentPostprocessing = 0;
		};
/* End PBXSourcesBuildPhase section */

/* Begin PBXVariantGroup section */
		185DFAA72636979A0051E8A5 /* Main.storyboard */ = {
			isa = PBXVariantGroup;
			children = (
				185DFAA82636979A0051E8A5 /* Base */,
			);
			name = Main.storyboard;
			sourceTree = "<group>";
		};
		185DFAAC2636979B0051E8A5 /* LaunchScreen.storyboard */ = {
			isa = PBXVariantGroup;
			children = (
				185DFAAD2636979B0051E8A5 /* Base */,
			);
			name = LaunchScreen.storyboard;
			sourceTree = "<group>";
		};
/* End PBXVariantGroup section */

/* Begin XCBuildConfiguration section */
		185DFAB22636979B0051E8A5 /* Debug */ = {
			isa = XCBuildConfiguration;
			buildSettings = {
				ALWAYS_SEARCH_USER_PATHS = NO;
				CLANG_ANALYZER_NONNULL = YES;
				CLANG_ANALYZER_NUMBER_OBJECT_CONVERSION = YES_AGGRESSIVE;
				CLANG_CXX_LANGUAGE_STANDARD = "gnu++14";
				CLANG_CXX_LIBRARY = "libc++";
				CLANG_ENABLE_MODULES = YES;
				CLANG_ENABLE_OBJC_ARC = YES;
				CLANG_ENABLE_OBJC_WEAK = YES;
				CLANG_WARN_BLOCK_CAPTURE_AUTORELEASING = YES;
				CLANG_WARN_BOOL_CONVERSION = YES;
				CLANG_WARN_COMMA = YES;
				CLANG_WARN_CONSTANT_CONVERSION = YES;
				CLANG_WARN_DEPRECATED_OBJC_IMPLEMENTATIONS = YES;
				CLANG_WARN_DIRECT_OBJC_ISA_USAGE = YES_ERROR;
				CLANG_WARN_DOCUMENTATION_COMMENTS = YES;
				CLANG_WARN_EMPTY_BODY = YES;
				CLANG_WARN_ENUM_CONVERSION = YES;
				CLANG_WARN_INFINITE_RECURSION = YES;
				CLANG_WARN_INT_CONVERSION = YES;
				CLANG_WARN_NON_LITERAL_NULL_CONVERSION = YES;
				CLANG_WARN_OBJC_IMPLICIT_RETAIN_SELF = YES;
				CLANG_WARN_OBJC_LITERAL_CONVERSION = YES;
				CLANG_WARN_OBJC_ROOT_CLASS = YES_ERROR;
				CLANG_WARN_QUOTED_INCLUDE_IN_FRAMEWORK_HEADER = YES;
				CLANG_WARN_RANGE_LOOP_ANALYSIS = YES;
				CLANG_WARN_STRICT_PROTOTYPES = YES;
				CLANG_WARN_SUSPICIOUS_MOVE = YES;
				CLANG_WARN_UNGUARDED_AVAILABILITY = YES_AGGRESSIVE;
				CLANG_WARN_UNREACHABLE_CODE = YES;
				CLANG_WARN__DUPLICATE_METHOD_MATCH = YES;
				COPY_PHASE_STRIP = NO;
				DEBUG_INFORMATION_FORMAT = dwarf;
				ENABLE_STRICT_OBJC_MSGSEND = YES;
				ENABLE_TESTABILITY = YES;
				GCC_C_LANGUAGE_STANDARD = gnu11;
				GCC_DYNAMIC_NO_PIC = NO;
				GCC_NO_COMMON_BLOCKS = YES;
				GCC_OPTIMIZATION_LEVEL = 0;
				GCC_PREPROCESSOR_DEFINITIONS = (
					"DEBUG=1",
					"$(inherited)",
				);
				GCC_WARN_64_TO_32_BIT_CONVERSION = YES;
				GCC_WARN_ABOUT_RETURN_TYPE = YES_ERROR;
				GCC_WARN_UNDECLARED_SELECTOR = YES;
				GCC_WARN_UNINITIALIZED_AUTOS = YES_AGGRESSIVE;
				GCC_WARN_UNUSED_FUNCTION = YES;
				GCC_WARN_UNUSED_VARIABLE = YES;
				IPHONEOS_DEPLOYMENT_TARGET = 10.0;
				MTL_ENABLE_DEBUG_INFO = INCLUDE_SOURCE;
				MTL_FAST_MATH = YES;
				ONLY_ACTIVE_ARCH = YES;
				SDKROOT = iphoneos;
			};
			name = Debug;
		};
		185DFAB32636979B0051E8A5 /* Release */ = {
			isa = XCBuildConfiguration;
			buildSettings = {
				ALWAYS_SEARCH_USER_PATHS = NO;
				CLANG_ANALYZER_NONNULL = YES;
				CLANG_ANALYZER_NUMBER_OBJECT_CONVERSION = YES_AGGRESSIVE;
				CLANG_CXX_LANGUAGE_STANDARD = "gnu++14";
				CLANG_CXX_LIBRARY = "libc++";
				CLANG_ENABLE_MODULES = YES;
				CLANG_ENABLE_OBJC_ARC = YES;
				CLANG_ENABLE_OBJC_WEAK = YES;
				CLANG_WARN_BLOCK_CAPTURE_AUTORELEASING = YES;
				CLANG_WARN_BOOL_CONVERSION = YES;
				CLANG_WARN_COMMA = YES;
				CLANG_WARN_CONSTANT_CONVERSION = YES;
				CLANG_WARN_DEPRECATED_OBJC_IMPLEMENTATIONS = YES;
				CLANG_WARN_DIRECT_OBJC_ISA_USAGE = YES_ERROR;
				CLANG_WARN_DOCUMENTATION_COMMENTS = YES;
				CLANG_WARN_EMPTY_BODY = YES;
				CLANG_WARN_ENUM_CONVERSION = YES;
				CLANG_WARN_INFINITE_RECURSION = YES;
				CLANG_WARN_INT_CONVERSION = YES;
				CLANG_WARN_NON_LITERAL_NULL_CONVERSION = YES;
				CLANG_WARN_OBJC_IMPLICIT_RETAIN_SELF = YES;
				CLANG_WARN_OBJC_LITERAL_CONVERSION = YES;
				CLANG_WARN_OBJC_ROOT_CLASS = YES_ERROR;
				CLANG_WARN_QUOTED_INCLUDE_IN_FRAMEWORK_HEADER = YES;
				CLANG_WARN_RANGE_LOOP_ANALYSIS = YES;
				CLANG_WARN_STRICT_PROTOTYPES = YES;
				CLANG_WARN_SUSPICIOUS_MOVE = YES;
				CLANG_WARN_UNGUARDED_AVAILABILITY = YES_AGGRESSIVE;
				CLANG_WARN_UNREACHABLE_CODE = YES;
				CLANG_WARN__DUPLICATE_METHOD_MATCH = YES;
				COPY_PHASE_STRIP = NO;
				DEBUG_INFORMATION_FORMAT = "dwarf-with-dsym";
				ENABLE_NS_ASSERTIONS = NO;
				ENABLE_STRICT_OBJC_MSGSEND = YES;
				GCC_C_LANGUAGE_STANDARD = gnu11;
				GCC_NO_COMMON_BLOCKS = YES;
				GCC_WARN_64_TO_32_BIT_CONVERSION = YES;
				GCC_WARN_ABOUT_RETURN_TYPE = YES_ERROR;
				GCC_WARN_UNDECLARED_SELECTOR = YES;
				GCC_WARN_UNINITIALIZED_AUTOS = YES_AGGRESSIVE;
				GCC_WARN_UNUSED_FUNCTION = YES;
				GCC_WARN_UNUSED_VARIABLE = YES;
				IPHONEOS_DEPLOYMENT_TARGET = 10.0;
				MTL_ENABLE_DEBUG_INFO = NO;
				MTL_FAST_MATH = YES;
				SDKROOT = iphoneos;
				VALIDATE_PRODUCT = YES;
			};
			name = Release;
		};
		185DFAB52636979B0051E8A5 /* Debug */ = {
			isa = XCBuildConfiguration;
			buildSettings = {
				ASSETCATALOG_COMPILER_APPICON_NAME = AppIcon;
				ASSETCATALOG_COMPILER_GLOBAL_ACCENT_COLOR_NAME = AccentColor;
				CODE_SIGN_IDENTITY = "Apple Development";
				CODE_SIGN_STYLE = Automatic;
				DEVELOPMENT_TEAM = 92KCLFU3AG;
				INFOPLIST_FILE = "ios-app-demo2/Info.plist";
				LD_RUNPATH_SEARCH_PATHS = (
					"$(inherited)",
					"@executable_path/Frameworks",
				);
				PRODUCT_BUNDLE_IDENTIFIER = "tech.ios-app-demo2";
				PRODUCT_NAME = "$(TARGET_NAME)";
				PROVISIONING_PROFILE_SPECIFIER = "";
				TARGETED_DEVICE_FAMILY = "1,2";
			};
			name = Debug;
		};
		185DFAB62636979B0051E8A5 /* Release */ = {
			isa = XCBuildConfiguration;
			buildSettings = {
				ASSETCATALOG_COMPILER_APPICON_NAME = AppIcon;
				ASSETCATALOG_COMPILER_GLOBAL_ACCENT_COLOR_NAME = AccentColor;
				CODE_SIGN_IDENTITY = "Apple Development";
				CODE_SIGN_STYLE = Automatic;
				DEVELOPMENT_TEAM = 92KCLFU3AG;
				INFOPLIST_FILE = "ios-app-demo2/Info.plist";
				LD_RUNPATH_SEARCH_PATHS = (
					"$(inherited)",
					"@executable_path/Frameworks",
				);
				PRODUCT_BUNDLE_IDENTIFIER = "tech.ios-app-demo2";
				PRODUCT_NAME = "$(TARGET_NAME)";
				PROVISIONING_PROFILE_SPECIFIER = "";
				TARGETED_DEVICE_FAMILY = "1,2";
			};
			name = Release;
		};
/* End XCBuildConfiguration section */

/* Begin XCConfigurationList section */
		185DFA962636979A0051E8A5 /* Build configuration list for PBXProject "ios-app-demo2" */ = {
			isa = XCConfigurationList;
			buildConfigurations = (
				185DFAB22636979B0051E8A5 /* Debug */,
				185DFAB32636979B0051E8A5 /* Release */,
			);
			defaultConfigurationIsVisible = 0;
			defaultConfigurationName = Release;
		};
		185DFAB42636979B0051E8A5 /* Build configuration list for PBXNativeTarget "ios-app-demo2" */ = {
			isa = XCConfigurationList;
			buildConfigurations = (
				185DFAB52636979B0051E8A5 /* Debug */,
				185DFAB62636979B0051E8A5 /* Release */,
			);
			defaultConfigurationIsVisible = 0;
			defaultConfigurationName = Release;
		};
/* End XCConfigurationList section */
	};
	rootObject = 185DFA932636979A0051E8A5 /* Project object */;
}
